
Microsoft Visual Studio Solution File, Format Version 12.00
# Visual Studio 15
VisualStudioVersion = 15.0.27130.2027
MinimumVisualStudioVersion = 10.0.40219.1
Project("{FAE04EC0-301F-11D3-BF4B-00C04F79EFBC}") = "DemoGitFromVS", "DemoGitFromVS\DemoGitFromVS.csproj", "{03088807-0EE3-425F-8CF4-E909E3F04578}"
EndProject
Global
	GlobalSection(SolutionConfigurationPlatforms) = preSolution
		Debug|Any CPU = Debug|Any CPU
		Release|Any CPU = Release|Any CPU
	EndGlobalSection
	GlobalSection(ProjectConfigurationPlatforms) = postSolution
		{03088807-0EE3-425F-8CF4-E909E3F04578}.Debug|Any CPU.ActiveCfg = Debug|Any CPU
		{03088807-0EE3-425F-8CF4-E909E3F04578}.Debug|Any CPU.Build.0 = Debug|Any CPU
		{03088807-0EE3-425F-8CF4-E909E3F04578}.Release|Any CPU.ActiveCfg = Release|Any CPU
		{03088807-0EE3-425F-8CF4-E909E3F04578}.Release|Any CPU.Build.0 = Release|Any CPU
	EndGlobalSection
	GlobalSection(SolutionProperties) = preSolution
		HideSolutionNode = FALSE
	EndGlobalSection
	GlobalSection(ExtensibilityGlobals) = postSolution
		SolutionGuid = {732BC4C9-62B2-49C0-BE49-986D4C954A61}
	EndGlobalSection
EndGlobal
